
Microsoft Visual Studio Solution File, Format Version 12.00
# Visual Studio Version 17
VisualStudioVersion = 17.1.32228.430
MinimumVisualStudioVersion = 10.0.40219.1
Project("{FAE04EC0-301F-11D3-BF4B-00C04F79EFBC}") = "BankingConsoleApp", "BankingConsoleApp\BankingConsoleApp.csproj", "{22F86C20-9D27-45AF-9812-A8C154F355BF}"
EndProject
Global
	GlobalSection(SolutionConfigurationPlatforms) = preSolution
		Debug|Any CPU = Debug|Any CPU
		Release|Any CPU = Release|Any CPU
	EndGlobalSection
	GlobalSection(ProjectConfigurationPlatforms) = postSolution
		{22F86C20-9D27-45AF-9812-A8C154F355BF}.Debug|Any CPU.ActiveCfg = Debug|Any CPU
		{22F86C20-9D27-45AF-9812-A8C154F355BF}.Debug|Any CPU.Build.0 = Debug|Any CPU
		{22F86C20-9D27-45AF-9812-A8C154F355BF}.Release|Any CPU.ActiveCfg = Release|Any CPU
		{22F86C20-9D27-45AF-9812-A8C154F355BF}.Release|Any CPU.Build.0 = Release|Any CPU
	EndGlobalSection
	GlobalSection(SolutionProperties) = preSolution
		HideSolutionNode = FALSE
	EndGlobalSection
	GlobalSection(ExtensibilityGlobals) = postSolution
		SolutionGuid = {643E3B9C-5D86-4BEB-8B85-D3F62877A1D7}
	EndGlobalSection
EndGlobal
